
Microsoft Visual Studio Solution File, Format Version 12.00
# Visual Studio Version 17
VisualStudioVersion = 17.0.32112.339
MinimumVisualStudioVersion = 10.0.40219.1
Project("{FAE04EC0-301F-11D3-BF4B-00C04F79EFBC}") = "BowlingScoreApp", "BowlingScoreApp\BowlingScoreApp.csproj", "{0F9368DC-D951-4780-9958-DB2A7AA82BE3}"
EndProject
Project("{FAE04EC0-301F-11D3-BF4B-00C04F79EFBC}") = "BowlingScoreAppTests", "BowlingScoreAppTests\BowlingScoreAppTests.csproj", "{3A5E2816-74A9-4108-9878-C82A43417D3E}"
EndProject
Project("{FAE04EC0-301F-11D3-BF4B-00C04F79EFBC}") = "BowlingScore_Serviec", "BowlingScore_Serviec\BowlingScore_Serviec.csproj", "{36160AD4-D6B0-4816-AED7-7DF04AD49388}"
EndProject
Global
	GlobalSection(SolutionConfigurationPlatforms) = preSolution
		Debug|Any CPU = Debug|Any CPU
		Release|Any CPU = Release|Any CPU
	EndGlobalSection
	GlobalSection(ProjectConfigurationPlatforms) = postSolution
		{0F9368DC-D951-4780-9958-DB2A7AA82BE3}.Debug|Any CPU.ActiveCfg = Debug|Any CPU
		{0F9368DC-D951-4780-9958-DB2A7AA82BE3}.Debug|Any CPU.Build.0 = Debug|Any CPU
		{0F9368DC-D951-4780-9958-DB2A7AA82BE3}.Release|Any CPU.ActiveCfg = Release|Any CPU
		{0F9368DC-D951-4780-9958-DB2A7AA82BE3}.Release|Any CPU.Build.0 = Release|Any CPU
		{3A5E2816-74A9-4108-9878-C82A43417D3E}.Debug|Any CPU.ActiveCfg = Debug|Any CPU
		{3A5E2816-74A9-4108-9878-C82A43417D3E}.Debug|Any CPU.Build.0 = Debug|Any CPU
		{3A5E2816-74A9-4108-9878-C82A43417D3E}.Release|Any CPU.ActiveCfg = Release|Any CPU
		{3A5E2816-74A9-4108-9878-C82A43417D3E}.Release|Any CPU.Build.0 = Release|Any CPU
		{36160AD4-D6B0-4816-AED7-7DF04AD49388}.Debug|Any CPU.ActiveCfg = Debug|Any CPU
		{36160AD4-D6B0-4816-AED7-7DF04AD49388}.Debug|Any CPU.Build.0 = Debug|Any CPU
		{36160AD4-D6B0-4816-AED7-7DF04AD49388}.Release|Any CPU.ActiveCfg = Release|Any CPU
		{36160AD4-D6B0-4816-AED7-7DF04AD49388}.Release|Any CPU.Build.0 = Release|Any CPU
	EndGlobalSection
	GlobalSection(SolutionProperties) = preSolution
		HideSolutionNode = FALSE
	EndGlobalSection
	GlobalSection(ExtensibilityGlobals) = postSolution
		SolutionGuid = {F710B76C-CC1C-48B9-B493-771C7DD5CF6A}
	EndGlobalSection
EndGlobal
